
Microsoft Visual Studio Solution File, Format Version 12.00
# Visual Studio Version 17
VisualStudioVersion = 17.3.32825.248
MinimumVisualStudioVersion = 10.0.40219.1
Project("{9A19103F-16F7-4668-BE54-9A1E7A4F7556}") = "MailRemoverAPI", "MailRemoverAPI\MailRemoverAPI.csproj", "{B4AC0D7C-4F7E-40C8-90B8-011625D202C0}"
EndProject
Project("{9A19103F-16F7-4668-BE54-9A1E7A4F7556}") = "IntegrationTests", "IntegrationTests\IntegrationTests.csproj", "{3D4CDC96-ED05-4159-98ED-7F01E8E2A699}"
EndProject
Project("{2150E333-8FDC-42A3-9474-1A3956D46DE8}") = "Tests", "Tests", "{5F74C8EA-F64F-4635-9DF8-EA33E140FBD9}"
	ProjectSection(SolutionItems) = preProject
		TestResults.icov = TestResults.icov
	EndProjectSection
EndProject
Project("{9A19103F-16F7-4668-BE54-9A1E7A4F7556}") = "UnitTests", "UnitTests1\UnitTests.csproj", "{3CA94082-7A23-4707-B072-5490B0FB74B9}"
EndProject
Project("{2150E333-8FDC-42A3-9474-1A3956D46DE8}") = "Solution Items", "Solution Items", "{65EE2CA4-71E5-478B-A24C-9B5270F747A8}"
	ProjectSection(SolutionItems) = preProject
		.editorconfig = .editorconfig
	EndProjectSection
EndProject
Global
	GlobalSection(SolutionConfigurationPlatforms) = preSolution
		Debug|Any CPU = Debug|Any CPU
		Release|Any CPU = Release|Any CPU
	EndGlobalSection
	GlobalSection(ProjectConfigurationPlatforms) = postSolution
		{B4AC0D7C-4F7E-40C8-90B8-011625D202C0}.Debug|Any CPU.ActiveCfg = Debug|Any CPU
		{B4AC0D7C-4F7E-40C8-90B8-011625D202C0}.Debug|Any CPU.Build.0 = Debug|Any CPU
		{B4AC0D7C-4F7E-40C8-90B8-011625D202C0}.Release|Any CPU.ActiveCfg = Release|Any CPU
		{B4AC0D7C-4F7E-40C8-90B8-011625D202C0}.Release|Any CPU.Build.0 = Release|Any CPU
		{3D4CDC96-ED05-4159-98ED-7F01E8E2A699}.Debug|Any CPU.ActiveCfg = Debug|Any CPU
		{3D4CDC96-ED05-4159-98ED-7F01E8E2A699}.Debug|Any CPU.Build.0 = Debug|Any CPU
		{3D4CDC96-ED05-4159-98ED-7F01E8E2A699}.Release|Any CPU.ActiveCfg = Release|Any CPU
		{3D4CDC96-ED05-4159-98ED-7F01E8E2A699}.Release|Any CPU.Build.0 = Release|Any CPU
		{3CA94082-7A23-4707-B072-5490B0FB74B9}.Debug|Any CPU.ActiveCfg = Debug|Any CPU
		{3CA94082-7A23-4707-B072-5490B0FB74B9}.Debug|Any CPU.Build.0 = Debug|Any CPU
		{3CA94082-7A23-4707-B072-5490B0FB74B9}.Release|Any CPU.ActiveCfg = Release|Any CPU
		{3CA94082-7A23-4707-B072-5490B0FB74B9}.Release|Any CPU.Build.0 = Release|Any CPU
	EndGlobalSection
	GlobalSection(SolutionProperties) = preSolution
		HideSolutionNode = FALSE
	EndGlobalSection
	GlobalSection(NestedProjects) = preSolution
		{3D4CDC96-ED05-4159-98ED-7F01E8E2A699} = {5F74C8EA-F64F-4635-9DF8-EA33E140FBD9}
		{3CA94082-7A23-4707-B072-5490B0FB74B9} = {5F74C8EA-F64F-4635-9DF8-EA33E140FBD9}
	EndGlobalSection
	GlobalSection(ExtensibilityGlobals) = postSolution
		SolutionGuid = {FA7CC0D3-FD11-475F-84FF-8A43A6FE6081}
	EndGlobalSection
EndGlobal
